
Microsoft Visual Studio Solution File, Format Version 12.00
# Visual Studio Version 16
VisualStudioVersion = 16.0.31829.152
MinimumVisualStudioVersion = 10.0.40219.1
Project("{FAE04EC0-301F-11D3-BF4B-00C04F79EFBC}") = "EntryTutorial.Android", "EntryTutorial.Android\EntryTutorial.Android.csproj", "{2AAFB448-8D22-43D0-884C-49B8E9CA41C5}"
EndProject
Project("{FAE04EC0-301F-11D3-BF4B-00C04F79EFBC}") = "EntryTutorial", "EntryTutorial\EntryTutorial.csproj", "{0C136ED0-6A00-41C9-B72D-4B9FB2836902}"
EndProject
Global
	GlobalSection(SolutionConfigurationPlatforms) = preSolution
		Debug|Any CPU = Debug|Any CPU
		Release|Any CPU = Release|Any CPU
	EndGlobalSection
	GlobalSection(ProjectConfigurationPlatforms) = postSolution
		{2AAFB448-8D22-43D0-884C-49B8E9CA41C5}.Debug|Any CPU.ActiveCfg = Debug|Any CPU
		{2AAFB448-8D22-43D0-884C-49B8E9CA41C5}.Debug|Any CPU.Build.0 = Debug|Any CPU
		{2AAFB448-8D22-43D0-884C-49B8E9CA41C5}.Debug|Any CPU.Deploy.0 = Debug|Any CPU
		{2AAFB448-8D22-43D0-884C-49B8E9CA41C5}.Release|Any CPU.ActiveCfg = Release|Any CPU
		{2AAFB448-8D22-43D0-884C-49B8E9CA41C5}.Release|Any CPU.Build.0 = Release|Any CPU
		{2AAFB448-8D22-43D0-884C-49B8E9CA41C5}.Release|Any CPU.Deploy.0 = Release|Any CPU
		{0C136ED0-6A00-41C9-B72D-4B9FB2836902}.Debug|Any CPU.ActiveCfg = Debug|Any CPU
		{0C136ED0-6A00-41C9-B72D-4B9FB2836902}.Debug|Any CPU.Build.0 = Debug|Any CPU
		{0C136ED0-6A00-41C9-B72D-4B9FB2836902}.Debug|Any CPU.Deploy.0 = Debug|Any CPU
		{0C136ED0-6A00-41C9-B72D-4B9FB2836902}.Release|Any CPU.ActiveCfg = Release|Any CPU
		{0C136ED0-6A00-41C9-B72D-4B9FB2836902}.Release|Any CPU.Build.0 = Release|Any CPU
		{0C136ED0-6A00-41C9-B72D-4B9FB2836902}.Release|Any CPU.Deploy.0 = Release|Any CPU
	EndGlobalSection
	GlobalSection(SolutionProperties) = preSolution
		HideSolutionNode = FALSE
	EndGlobalSection
	GlobalSection(ExtensibilityGlobals) = postSolution
		SolutionGuid = {84C40BB4-340C-4A14-B8F7-644C31D5A25F}
	EndGlobalSection
EndGlobal
